{
  "name": "hux-living-drawings",
  "lockfileVersion": 3,
  "requires": true,
  "packages": {
    "": {
      "name": "hux-living-drawings",
      "license": "MIT",
      "devDependencies": {
        "@dimforge/rapier3d-compat": "0.20.0"
      }
    },
    "node_modules/@dimforge/rapier3d-compat": {
      "version": "0.20.0",
      "resolved": "https://registry.npmjs.org/@dimforge/rapier3d-compat/-/rapier3d-compat-0.20.0.tgz",
      "integrity": "sha512-X4W9pJBdGRX5CO3c/gUNjBFEFG2fn4nYxp9k8STdBDaLa0/w5XTW2ArpayS+9jGFojTi3uFSOWAElCd4rkpekA==",
      "dev": true,
      "license": "Apache-2.0"
    }
  }
}
